
Microsoft Visual Studio Solution File, Format Version 12.00
# Visual Studio Version 17
VisualStudioVersion = 17.14.36127.28
MinimumVisualStudioVersion = 10.0.40219.1
Project("{FAE04EC0-301F-11D3-BF4B-00C04F79EFBC}") = "TuDog", "TuDog\TuDog.csproj", "{434A0718-F121-A0A9-F49F-991A93B63D2B}"
EndProject
Project("{FAE04EC0-301F-11D3-BF4B-00C04F79EFBC}") = "TuDog.IocAttribute", "TuDog.IocAttribute\TuDog.IocAttribute.csproj", "{F6A60F24-C2CE-DA2A-916A-FE46146D7BA1}"
EndProject
Project("{FAE04EC0-301F-11D3-BF4B-00C04F79EFBC}") = "TuDog.IocAutoRegisterSourceGenerator", "TuDog.IocAutoRegisterSourceGenerator\TuDog.IocAutoRegisterSourceGenerator\TuDog.IocAutoRegisterSourceGenerator.csproj", "{C5267C2A-9A50-2493-6D48-540E4C4432BF}"
EndProject
Project("{FAE04EC0-301F-11D3-BF4B-00C04F79EFBC}") = "TuDog.LoggerMetrics", "TuDog.LoggerMetrics\TuDog.LoggerMetrics.csproj", "{D3B16534-AA23-BC5D-BE14-31656F114934}"
EndProject
Project("{FAE04EC0-301F-11D3-BF4B-00C04F79EFBC}") = "YouYan.Hamster", "YouYan.Hamster\YouYan.Hamster.csproj", "{C78FF465-53EB-B16A-2E50-36B113F4384A}"
EndProject
Project("{2150E333-8FDC-42A3-9474-1A3956D46DE8}") = "Items", "Items", "{02EA681E-C7D8-13C7-8484-4AC65E1B71E8}"
	ProjectSection(SolutionItems) = preProject
		Directory.Packages.props = Directory.Packages.props
		README.md = README.md
	EndProjectSection
EndProject
Global
	GlobalSection(SolutionConfigurationPlatforms) = preSolution
		Debug|Any CPU = Debug|Any CPU
		Release|Any CPU = Release|Any CPU
	EndGlobalSection
	GlobalSection(ProjectConfigurationPlatforms) = postSolution
		{434A0718-F121-A0A9-F49F-991A93B63D2B}.Debug|Any CPU.ActiveCfg = Debug|Any CPU
		{434A0718-F121-A0A9-F49F-991A93B63D2B}.Debug|Any CPU.Build.0 = Debug|Any CPU
		{434A0718-F121-A0A9-F49F-991A93B63D2B}.Release|Any CPU.ActiveCfg = Release|Any CPU
		{434A0718-F121-A0A9-F49F-991A93B63D2B}.Release|Any CPU.Build.0 = Release|Any CPU
		{F6A60F24-C2CE-DA2A-916A-FE46146D7BA1}.Debug|Any CPU.ActiveCfg = Debug|Any CPU
		{F6A60F24-C2CE-DA2A-916A-FE46146D7BA1}.Debug|Any CPU.Build.0 = Debug|Any CPU
		{F6A60F24-C2CE-DA2A-916A-FE46146D7BA1}.Release|Any CPU.ActiveCfg = Release|Any CPU
		{F6A60F24-C2CE-DA2A-916A-FE46146D7BA1}.Release|Any CPU.Build.0 = Release|Any CPU
		{C5267C2A-9A50-2493-6D48-540E4C4432BF}.Debug|Any CPU.ActiveCfg = Debug|Any CPU
		{C5267C2A-9A50-2493-6D48-540E4C4432BF}.Debug|Any CPU.Build.0 = Debug|Any CPU
		{C5267C2A-9A50-2493-6D48-540E4C4432BF}.Release|Any CPU.ActiveCfg = Release|Any CPU
		{C5267C2A-9A50-2493-6D48-540E4C4432BF}.Release|Any CPU.Build.0 = Release|Any CPU
		{D3B16534-AA23-BC5D-BE14-31656F114934}.Debug|Any CPU.ActiveCfg = Debug|Any CPU
		{D3B16534-AA23-BC5D-BE14-31656F114934}.Debug|Any CPU.Build.0 = Debug|Any CPU
		{D3B16534-AA23-BC5D-BE14-31656F114934}.Release|Any CPU.ActiveCfg = Release|Any CPU
		{D3B16534-AA23-BC5D-BE14-31656F114934}.Release|Any CPU.Build.0 = Release|Any CPU
		{C78FF465-53EB-B16A-2E50-36B113F4384A}.Debug|Any CPU.ActiveCfg = Debug|Any CPU
		{C78FF465-53EB-B16A-2E50-36B113F4384A}.Debug|Any CPU.Build.0 = Debug|Any CPU
		{C78FF465-53EB-B16A-2E50-36B113F4384A}.Release|Any CPU.ActiveCfg = Release|Any CPU
		{C78FF465-53EB-B16A-2E50-36B113F4384A}.Release|Any CPU.Build.0 = Release|Any CPU
	EndGlobalSection
	GlobalSection(SolutionProperties) = preSolution
		HideSolutionNode = FALSE
	EndGlobalSection
	GlobalSection(ExtensibilityGlobals) = postSolution
		SolutionGuid = {C9C704C9-0741-449B-BE03-DF37561BA00C}
	EndGlobalSection
EndGlobal
